{
	"name": "something",
	"version": "1.0.0",
	"lockfileVersion": 1,
	"requires": true,
	"dependencies": {
		"@fav/text.pad": {
			"version": "1.0.3",
			"resolved": "https://registry.npmjs.org/@fav/text.pad/-/text.pad-1.0.3.tgz",
			"integrity": "sha512-Khnfzn9fy8+IMFGRKOkdAmT0LINvLdTi2LeTcd17OSFzWFDcwexkXw9MAJn/HNaWhzVKyiEDrt/n/6pS6gK/4A==",
			"requires": {
				"@fav/text.repeat": "^1.0.1"
			}
		},
		"@fav/text.repeat": {
			"version": "1.0.4",
			"resolved": "https://registry.npmjs.org/@fav/text.repeat/-/text.repeat-1.0.4.tgz",
			"integrity": "sha512-ztFSCghMPnFllWGcCMNh/cq6uA0iKWLPNjMYEknxfmEsUB1JsohP9z5tw3LVOKt06hlHRhPk35+NgVQ8rWb6hA=="
		},
		"@jkroso/type": {
			"version": "1.1.1",
			"resolved": "https://registry.npmjs.org/@jkroso/type/-/type-1.1.1.tgz",
			"integrity": "sha1-IpA6NG9jPyxlwPapOMqvxD8YHxc="
		},
		"accepts": {
			"version": "1.3.7",
			"resolved": "https://registry.npmjs.org/accepts/-/accepts-1.3.7.tgz",
			"integrity": "sha512-Il80Qs2WjYlJIBNzNkK6KYqlVMTbZLXgHx2oT0pU/fjRHyEp+PEfEPY0R3WCwAGVOtauxh1hOxNgIf5bv7dQpA==",
			"requires": {
				"mime-types": "~2.1.24",
				"negotiator": "0.6.2"
			},
			"dependencies": {
				"mime-types": {
					"version": "2.1.29",
					"resolved": "https://registry.npmjs.org/mime-types/-/mime-types-2.1.29.tgz",
					"integrity": "sha512-Y/jMt/S5sR9OaqteJtslsFZKWOIIqMACsJSiHghlCAyhf7jfVYjKBmLiX8OgpWeW+fjJ2b+Az69aPFPkUOY6xQ==",
					"requires": {
						"mime-db": "1.46.0"
					}
				}
			}
		},
		"acorn": {
			"version": "2.7.0",
			"resolved": "https://registry.npmjs.org/acorn/-/acorn-2.7.0.tgz",
			"integrity": "sha1-q259nYhqrKiwhbwzEreaGYQz8Oc="
		},
		"acorn-globals": {
			"version": "1.0.9",
			"resolved": "https://registry.npmjs.org/acorn-globals/-/acorn-globals-1.0.9.tgz",
			"integrity": "sha1-VbtemGkVB7dFedBRNBMhfDgMVM8=",
			"requires": {
				"acorn": "^2.1.0"
			}
		},
		"amdefine": {
			"version": "1.0.1",
			"resolved": "https://registry.npmjs.org/amdefine/-/amdefine-1.0.1.tgz",
			"integrity": "sha1-SlKCrBZHKek2Gbz9OtFR+BfOkfU="
		},
		"ansi-regex": {
			"version": "2.1.1",
			"resolved": "https://registry.npmjs.org/ansi-regex/-/ansi-regex-2.1.1.tgz",
			"integrity": "sha1-w7M6te42DYbg5ijwRorn7yfWVN8="
		},
		"array-flatten": {
			"version": "1.1.1",
			"resolved": "https://registry.npmjs.org/array-flatten/-/array-flatten-1.1.1.tgz",
			"integrity": "sha1-ml9pkFGx5wczKPKgCJaLZOopVdI="
		},
		"asap": {
			"version": "1.0.0",
			"resolved": "https://registry.npmjs.org/asap/-/asap-1.0.0.tgz",
			"integrity": "sha1-sqRdpf36ILBJb8N2jMJ8EvqRan0="
		},
		"asn1": {
			"version": "0.1.11",
			"resolved": "https://registry.npmjs.org/asn1/-/asn1-0.1.11.tgz",
			"integrity": "sha1-VZvhg3bQik7E2+gId9J4GGObLfc=",
			"optional": true
		},
		"assert-plus": {
			"version": "0.1.5",
			"resolved": "https://registry.npmjs.org/assert-plus/-/assert-plus-0.1.5.tgz",
			"integrity": "sha1-7nQAlBMALYTOxyGcasgRgS5yMWA=",
			"optional": true
		},
		"async": {
			"version": "0.9.2",
			"resolved": "https://registry.npmjs.org/async/-/async-0.9.2.tgz",
			"integrity": "sha1-rqdNXmHB+JlhO/ZL2mbUx48v0X0=",
			"optional": true
		},
		"aws-sign2": {
			"version": "0.5.0",
			"resolved": "https://registry.npmjs.org/aws-sign2/-/aws-sign2-0.5.0.tgz",
			"integrity": "sha1-xXED96F/wDfwLXwuZLYC6iI/fWM=",
			"optional": true
		},
		"bitbuffer": {
			"version": "0.1.3",
			"resolved": "https://registry.npmjs.org/bitbuffer/-/bitbuffer-0.1.3.tgz",
			"integrity": "sha1-eA/rEpfKrw+snkjPq5Rtbv0r05c="
		},
		"bloem": {
			"version": "0.2.4",
			"resolved": "https://registry.npmjs.org/bloem/-/bloem-0.2.4.tgz",
			"integrity": "sha1-PCnr7WibOE8oME+nvVbGAm5tWHk=",
			"requires": {
				"bitbuffer": "0.1.x",
				"fnv": "0.1.x"
			}
		},
		"bluebird": {
			"version": "2.11.0",
			"resolved": "https://registry.npmjs.org/bluebird/-/bluebird-2.11.0.tgz",
			"integrity": "sha1-U0uQM8AiyVecVro7Plpcqvu2UOE="
		},
		"body-parser": {
			"version": "1.19.0",
			"resolved": "https://registry.npmjs.org/body-parser/-/body-parser-1.19.0.tgz",
			"integrity": "sha512-dhEPs72UPbDnAQJ9ZKMNTP6ptJaionhP5cBb541nXPlW60Jepo9RV/a4fX4XWW9CuFNK22krhrj1+rgzifNCsw==",
			"requires": {
				"bytes": "3.1.0",
				"content-type": "~1.0.4",
				"debug": "2.6.9",
				"depd": "~1.1.2",
				"http-errors": "1.7.2",
				"iconv-lite": "0.4.24",
				"on-finished": "~2.3.0",
				"qs": "6.7.0",
				"raw-body": "2.4.0",
				"type-is": "~1.6.17"
			},
			"dependencies": {
				"debug": {
					"version": "2.6.9",
					"resolved": "https://registry.npmjs.org/debug/-/debug-2.6.9.tgz",
					"integrity": "sha512-bC7ElrdJaJnPbAP+1EotYvqZsb3ecl5wi6Bfi6BJTUcNowp6cvspg0jXznRTKDjm/E7AdgFBVeAPVMNcKGsHMA==",
					"requires": {
						"ms": "2.0.0"
					}
				},
				"iconv-lite": {
					"version": "0.4.24",
					"resolved": "https://registry.npmjs.org/iconv-lite/-/iconv-lite-0.4.24.tgz",
					"integrity": "sha512-v3MXnZAcvnywkTUEZomIActle7RXXeedOR31wwl7VlyoXO4Qi9arvSenNQWne1TcRwhCL1HwLI21bEqdpj8/rA==",
					"requires": {
						"safer-buffer": ">= 2.1.2 < 3"
					}
				},
				"ms": {
					"version": "2.0.0",
					"resolved": "https://registry.npmjs.org/ms/-/ms-2.0.0.tgz",
					"integrity": "sha1-VgiurfwAvmwpAd9fmGF4jeDVl8g="
				},
				"qs": {
					"version": "6.7.0",
					"resolved": "https://registry.npmjs.org/qs/-/qs-6.7.0.tgz",
					"integrity": "sha512-VCdBRNFTX1fyE7Nb6FYoURo/SPe62QCaAyzJvUjwRaIsc+NePBEniHlvxFmmX56+HZphIGtV0XeCirBtpDrTyQ=="
				}
			}
		},
		"boom": {
			"version": "0.4.2",
			"resolved": "https://registry.npmjs.org/boom/-/boom-0.4.2.tgz",
			"integrity": "sha1-emNune1O/O+xnO9JR6PGffrukRs=",
			"optional": true,
			"requires": {
				"hoek": "0.9.x"
			}
		},
		"bytes": {
			"version": "3.1.0",
			"resolved": "https://registry.npmjs.org/bytes/-/bytes-3.1.0.tgz",
			"integrity": "sha512-zauLjrfCG+xvoyaqLoV8bLVXXNGC4JqlxFCutSDWA6fJrTo2ZuvLYTqZ7aHBLZSMOopbzwv8f+wZcVzfVTI2Dg=="
		},
		"camelcase": {
			"version": "1.2.1",
			"resolved": "https://registry.npmjs.org/camelcase/-/camelcase-1.2.1.tgz",
			"integrity": "sha1-m7UwTS4LVmmLLHWLCKPqqdqlijk="
		},
		"character-parser": {
			"version": "1.2.1",
			"resolved": "https://registry.npmjs.org/character-parser/-/character-parser-1.2.1.tgz",
			"integrity": "sha1-wN3kqxgnE7kZuXCVmhI+zBow/NY="
		},
		"clean-css": {
			"version": "3.4.28",
			"resolved": "https://registry.npmjs.org/clean-css/-/clean-css-3.4.28.tgz",
			"integrity": "sha1-vxlF6C/ICPVWlebd6uwBQA79A/8=",
			"requires": {
				"commander": "2.8.x",
				"source-map": "0.4.x"
			},
			"dependencies": {
				"commander": {
					"version": "2.8.1",
					"resolved": "https://registry.npmjs.org/commander/-/commander-2.8.1.tgz",
					"integrity": "sha1-Br42f+v9oMMwqh4qBy09yXYkJdQ=",
					"requires": {
						"graceful-readlink": ">= 1.0.0"
					}
				},
				"source-map": {
					"version": "0.4.4",
					"resolved": "https://registry.npmjs.org/source-map/-/source-map-0.4.4.tgz",
					"integrity": "sha1-66T12pwNyZneaAMti092FzZSA2s=",
					"requires": {
						"amdefine": ">=0.0.4"
					}
				}
			}
		},
		"clone": {
			"version": "1.0.4",
			"resolved": "https://registry.npmjs.org/clone/-/clone-1.0.4.tgz",
			"integrity": "sha1-2jCcwmPfFZlMaIypAheco8fNfH4="
		},
		"cnd": {
			"version": "3.2.0",
			"resolved": "https://registry.npmjs.org/cnd/-/cnd-3.2.0.tgz",
			"integrity": "sha1-K09K4NGs/MgDLKSnYfc3XFxYzbU=",
			"requires": {
				"bloem": "^0.2.4",
				"columnify": "^1.5.4",
				"equals": "^1.1.0",
				"interval-skip-list": "^2.0.1",
				"lodash": "^4.13.1",
				"permute": "^1.0.0"
			}
		},
		"code-point-at": {
			"version": "1.1.0",
			"resolved": "https://registry.npmjs.org/code-point-at/-/code-point-at-1.1.0.tgz",
			"integrity": "sha1-DQcLTQQ6W+ozovGkDi7bPZpMz3c="
		},
		"columnify": {
			"version": "1.5.4",
			"resolved": "https://registry.npmjs.org/columnify/-/columnify-1.5.4.tgz",
			"integrity": "sha1-Rzfd8ce2mop8NAVweC6UfuyOeLs=",
			"requires": {
				"strip-ansi": "^3.0.0",
				"wcwidth": "^1.0.0"
			}
		},
		"combined-stream": {
			"version": "0.0.7",
			"resolved": "https://registry.npmjs.org/combined-stream/-/combined-stream-0.0.7.tgz",
			"integrity": "sha1-ATfmV7qlp1QcV6w3rF/AfXO03B8=",
			"optional": true,
			"requires": {
				"delayed-stream": "0.0.5"
			}
		},
		"commander": {
			"version": "2.6.0",
			"resolved": "https://registry.npmjs.org/commander/-/commander-2.6.0.tgz",
			"integrity": "sha1-nfflL7Kgyw+4kFjugMMQQiXzfh0="
		},
		"constantinople": {
			"version": "3.0.2",
			"resolved": "https://registry.npmjs.org/constantinople/-/constantinople-3.0.2.tgz",
			"integrity": "sha1-S5RdmTeQe82Y7ldRIsOBdRZUQUE=",
			"requires": {
				"acorn": "^2.1.0"
			}
		},
		"content-disposition": {
			"version": "0.5.3",
			"resolved": "https://registry.npmjs.org/content-disposition/-/content-disposition-0.5.3.tgz",
			"integrity": "sha512-ExO0774ikEObIAEV9kDo50o+79VCUdEB6n6lzKgGwupcVeRlhrj3qGAfwq8G6uBJjkqLrhT0qEYFcWng8z1z0g==",
			"requires": {
				"safe-buffer": "5.1.2"
			}
		},
		"content-type": {
			"version": "1.0.4",
			"resolved": "https://registry.npmjs.org/content-type/-/content-type-1.0.4.tgz",
			"integrity": "sha512-hIP3EEPs8tB9AT1L+NUqtwOAps4mk2Zob89MWXMHjHWg9milF/j4osnnQLXBCBFBk/tvIG/tUc9mOUJiPBhPXA=="
		},
		"cookie": {
			"version": "0.4.0",
			"resolved": "https://registry.npmjs.org/cookie/-/cookie-0.4.0.tgz",
			"integrity": "sha512-+Hp8fLp57wnUSt0tY0tHEXh4voZRDnoIrZPqlo3DPiI4y9lwg/jqx+1Om94/W6ZaPDOUbnjOt/99w66zk+l1Xg=="
		},
		"cookie-signature": {
			"version": "1.0.6",
			"resolved": "https://registry.npmjs.org/cookie-signature/-/cookie-signature-1.0.6.tgz",
			"integrity": "sha1-4wOogrNCzD7oylE6eZmXNNqzriw="
		},
		"core-util-is": {
			"version": "1.0.2",
			"resolved": "https://registry.npmjs.org/core-util-is/-/core-util-is-1.0.2.tgz",
			"integrity": "sha1-tf1UIgqivFq1eqtxQMlAdUUDwac="
		},
		"cryptiles": {
			"version": "0.2.2",
			"resolved": "https://registry.npmjs.org/cryptiles/-/cryptiles-0.2.2.tgz",
			"integrity": "sha1-7ZH/HxetE9N0gohZT4pIoNJvMlw=",
			"optional": true,
			"requires": {
				"boom": "0.4.x"
			}
		},
		"css": {
			"version": "1.0.8",
			"resolved": "https://registry.npmjs.org/css/-/css-1.0.8.tgz",
			"integrity": "sha1-k4aBHKgrzMnuf7WnMrHioxfIo+c=",
			"requires": {
				"css-parse": "1.0.4",
				"css-stringify": "1.0.5"
			}
		},
		"css-parse": {
			"version": "1.0.4",
			"resolved": "https://registry.npmjs.org/css-parse/-/css-parse-1.0.4.tgz",
			"integrity": "sha1-OLBQP7+dqfVOnB29pg4UXHcRe90="
		},
		"css-stringify": {
			"version": "1.0.5",
			"resolved": "https://registry.npmjs.org/css-stringify/-/css-stringify-1.0.5.tgz",
			"integrity": "sha1-sNBClG2ylTu50pKQCmy19tASIDE="
		},
		"ctype": {
			"version": "0.5.3",
			"resolved": "https://registry.npmjs.org/ctype/-/ctype-0.5.3.tgz",
			"integrity": "sha1-gsGMJGH3QRTvFsE1IkrQuRRMoS8=",
			"optional": true
		},
		"dc_leftpad": {
			"version": "0.0.0",
			"resolved": "https://registry.npmjs.org/dc_leftpad/-/dc_leftpad-0.0.0.tgz",
			"integrity": "sha1-rBId/qtD5mjZz+CfG5HWHtE1G+E="
		},
		"debug": {
			"version": "1.0.2",
			"resolved": "https://registry.npmjs.org/debug/-/debug-1.0.2.tgz",
			"integrity": "sha1-OElZHBDM5khHbDx8Li40FttZY8Q=",
			"requires": {
				"ms": "0.6.2"
			}
		},
		"decamelize": {
			"version": "1.2.0",
			"resolved": "https://registry.npmjs.org/decamelize/-/decamelize-1.2.0.tgz",
			"integrity": "sha1-9lNNFRSCabIDUue+4m9QH5oZEpA="
		},
		"defaults": {
			"version": "1.0.3",
			"resolved": "https://registry.npmjs.org/defaults/-/defaults-1.0.3.tgz",
			"integrity": "sha1-xlYFHpgX2f8I7YgUd/P+QBnz730=",
			"requires": {
				"clone": "^1.0.2"
			}
		},
		"delayed-stream": {
			"version": "0.0.5",
			"resolved": "https://registry.npmjs.org/delayed-stream/-/delayed-stream-0.0.5.tgz",
			"integrity": "sha1-1LH0OpPoKW3+AmlPRoC8N6MTxz8=",
			"optional": true
		},
		"depd": {
			"version": "1.1.2",
			"resolved": "https://registry.npmjs.org/depd/-/depd-1.1.2.tgz",
			"integrity": "sha1-m81S4UwJd2PnSbJ0xDRu0uVgtak="
		},
		"destroy": {
			"version": "1.0.4",
			"resolved": "https://registry.npmjs.org/destroy/-/destroy-1.0.4.tgz",
			"integrity": "sha1-l4hXRCxEdJ5CBmE+N5RiBYJqvYA="
		},
		"ee-first": {
			"version": "1.1.1",
			"resolved": "https://registry.npmjs.org/ee-first/-/ee-first-1.1.1.tgz",
			"integrity": "sha1-WQxhFWsK4vTwJVcyoViyZrxWsh0="
		},
		"encodeurl": {
			"version": "1.0.2",
			"resolved": "https://registry.npmjs.org/encodeurl/-/encodeurl-1.0.2.tgz",
			"integrity": "sha1-rT/0yG7C0CkyL1oCw6mmBslbP1k="
		},
		"encoding": {
			"version": "0.1.13",
			"resolved": "https://registry.npmjs.org/encoding/-/encoding-0.1.13.tgz",
			"integrity": "sha512-ETBauow1T35Y/WZMkio9jiM0Z5xjHHmJ4XmjZOq1l/dXz3lr2sRn87nJy20RupqSh1F2m3HHPSp8ShIPQJrJ3A==",
			"requires": {
				"iconv-lite": "^0.6.2"
			}
		},
		"equals": {
			"version": "1.1.0",
			"resolved": "https://registry.npmjs.org/equals/-/equals-1.1.0.tgz",
			"integrity": "sha1-7rLtDoERkc06WQrmfze5DfPxcNQ=",
			"requires": {
				"@jkroso/type": "1"
			}
		},
		"escape-html": {
			"version": "1.0.3",
			"resolved": "https://registry.npmjs.org/escape-html/-/escape-html-1.0.3.tgz",
			"integrity": "sha1-Aljq5NPQwJdN4cFpGI7wBR0dGYg="
		},
		"etag": {
			"version": "1.8.1",
			"resolved": "https://registry.npmjs.org/etag/-/etag-1.8.1.tgz",
			"integrity": "sha1-Qa4u62XvpiJorr/qg6x9eSmbCIc="
		},
		"express": {
			"version": "4.17.1",
			"resolved": "https://registry.npmjs.org/express/-/express-4.17.1.tgz",
			"integrity": "sha512-mHJ9O79RqluphRrcw2X/GTh3k9tVv8YcoyY4Kkh4WDMUYKRZUq0h1o0w2rrrxBqM7VoeUVqgb27xlEMXTnYt4g==",
			"requires": {
				"accepts": "~1.3.7",
				"array-flatten": "1.1.1",
				"body-parser": "1.19.0",
				"content-disposition": "0.5.3",
				"content-type": "~1.0.4",
				"cookie": "0.4.0",
				"cookie-signature": "1.0.6",
				"debug": "2.6.9",
				"depd": "~1.1.2",
				"encodeurl": "~1.0.2",
				"escape-html": "~1.0.3",
				"etag": "~1.8.1",
				"finalhandler": "~1.1.2",
				"fresh": "0.5.2",
				"merge-descriptors": "1.0.1",
				"methods": "~1.1.2",
				"on-finished": "~2.3.0",
				"parseurl": "~1.3.3",
				"path-to-regexp": "0.1.7",
				"proxy-addr": "~2.0.5",
				"qs": "6.7.0",
				"range-parser": "~1.2.1",
				"safe-buffer": "5.1.2",
				"send": "0.17.1",
				"serve-static": "1.14.1",
				"setprototypeof": "1.1.1",
				"statuses": "~1.5.0",
				"type-is": "~1.6.18",
				"utils-merge": "1.0.1",
				"vary": "~1.1.2"
			},
			"dependencies": {
				"debug": {
					"version": "2.6.9",
					"resolved": "https://registry.npmjs.org/debug/-/debug-2.6.9.tgz",
					"integrity": "sha512-bC7ElrdJaJnPbAP+1EotYvqZsb3ecl5wi6Bfi6BJTUcNowp6cvspg0jXznRTKDjm/E7AdgFBVeAPVMNcKGsHMA==",
					"requires": {
						"ms": "2.0.0"
					}
				},
				"ms": {
					"version": "2.0.0",
					"resolved": "https://registry.npmjs.org/ms/-/ms-2.0.0.tgz",
					"integrity": "sha1-VgiurfwAvmwpAd9fmGF4jeDVl8g="
				},
				"qs": {
					"version": "6.7.0",
					"resolved": "https://registry.npmjs.org/qs/-/qs-6.7.0.tgz",
					"integrity": "sha512-VCdBRNFTX1fyE7Nb6FYoURo/SPe62QCaAyzJvUjwRaIsc+NePBEniHlvxFmmX56+HZphIGtV0XeCirBtpDrTyQ=="
				}
			}
		},
		"fastpad": {
			"version": "1.0.7",
			"resolved": "https://registry.npmjs.org/fastpad/-/fastpad-1.0.7.tgz",
			"integrity": "sha1-qX5PYCFrrRpk+Z5GNAXfTnSpjCQ="
		},
		"finalhandler": {
			"version": "1.1.2",
			"resolved": "https://registry.npmjs.org/finalhandler/-/finalhandler-1.1.2.tgz",
			"integrity": "sha512-aAWcW57uxVNrQZqFXjITpW3sIUQmHGG3qSb9mUah9MgMC4NeWhNOlNjXEYq3HjRAvL6arUviZGGJsBg6z0zsWA==",
			"requires": {
				"debug": "2.6.9",
				"encodeurl": "~1.0.2",
				"escape-html": "~1.0.3",
				"on-finished": "~2.3.0",
				"parseurl": "~1.3.3",
				"statuses": "~1.5.0",
				"unpipe": "~1.0.0"
			},
			"dependencies": {
				"debug": {
					"version": "2.6.9",
					"resolved": "https://registry.npmjs.org/debug/-/debug-2.6.9.tgz",
					"integrity": "sha512-bC7ElrdJaJnPbAP+1EotYvqZsb3ecl5wi6Bfi6BJTUcNowp6cvspg0jXznRTKDjm/E7AdgFBVeAPVMNcKGsHMA==",
					"requires": {
						"ms": "2.0.0"
					}
				},
				"ms": {
					"version": "2.0.0",
					"resolved": "https://registry.npmjs.org/ms/-/ms-2.0.0.tgz",
					"integrity": "sha1-VgiurfwAvmwpAd9fmGF4jeDVl8g="
				}
			}
		},
		"fnv": {
			"version": "0.1.3",
			"resolved": "https://registry.npmjs.org/fnv/-/fnv-0.1.3.tgz",
			"integrity": "sha1-XbMLg+l+eupEjLNhOL2TaXCocA0="
		},
		"forever-agent": {
			"version": "0.5.2",
			"resolved": "https://registry.npmjs.org/forever-agent/-/forever-agent-0.5.2.tgz",
			"integrity": "sha1-bQ4JxJIflKJ/Y9O0nF/v8epMUTA="
		},
		"form-data": {
			"version": "0.1.4",
			"resolved": "https://registry.npmjs.org/form-data/-/form-data-0.1.4.tgz",
			"integrity": "sha1-kavXiKupcCsaq/qLwBAxoqyeOxI=",
			"optional": true,
			"requires": {
				"async": "~0.9.0",
				"combined-stream": "~0.0.4",
				"mime": "~1.2.11"
			}
		},
		"forwarded": {
			"version": "0.1.2",
			"resolved": "https://registry.npmjs.org/forwarded/-/forwarded-0.1.2.tgz",
			"integrity": "sha1-mMI9qxF1ZXuMBXPozszZGw/xjIQ="
		},
		"fresh": {
			"version": "0.5.2",
			"resolved": "https://registry.npmjs.org/fresh/-/fresh-0.5.2.tgz",
			"integrity": "sha1-PYyt2Q2XZWn6g1qx+OSyOhBWBac="
		},
		"graceful-readlink": {
			"version": "1.0.1",
			"resolved": "https://registry.npmjs.org/graceful-readlink/-/graceful-readlink-1.0.1.tgz",
			"integrity": "sha1-TK+tdrxi8C+gObL5Tpo906ORpyU="
		},
		"hawk": {
			"version": "1.1.1",
			"resolved": "https://registry.npmjs.org/hawk/-/hawk-1.1.1.tgz",
			"integrity": "sha1-h81JH5tG5OKurKM1QWdmiF0tHtk=",
			"optional": true,
			"requires": {
				"boom": "0.4.x",
				"cryptiles": "0.2.x",
				"hoek": "0.9.x",
				"sntp": "0.2.x"
			}
		},
		"hillel-leftpad": {
			"version": "1.0.0",
			"resolved": "https://registry.npmjs.org/hillel-leftpad/-/hillel-leftpad-1.0.0.tgz",
			"integrity": "sha1-ghtVQJYWTRA/fYbprvDXX3hbPDk="
		},
		"hoek": {
			"version": "0.9.1",
			"resolved": "https://registry.npmjs.org/hoek/-/hoek-0.9.1.tgz",
			"integrity": "sha1-PTIkYrrfB3Fup+uFuviAec3c5QU=",
			"optional": true
		},
		"http-errors": {
			"version": "1.7.2",
			"resolved": "https://registry.npmjs.org/http-errors/-/http-errors-1.7.2.tgz",
			"integrity": "sha512-uUQBt3H/cSIVfch6i1EuPNy/YsRSOUBXTVfZ+yR7Zjez3qjBz6i9+i4zjNaoqcoFVI4lQJ5plg63TvGfRSDCRg==",
			"requires": {
				"depd": "~1.1.2",
				"inherits": "2.0.3",
				"setprototypeof": "1.1.1",
				"statuses": ">= 1.5.0 < 2",
				"toidentifier": "1.0.0"
			},
			"dependencies": {
				"inherits": {
					"version": "2.0.3",
					"resolved": "https://registry.npmjs.org/inherits/-/inherits-2.0.3.tgz",
					"integrity": "sha1-Yzwsg+PaQqUC9SRmAiSA9CCCYd4="
				}
			}
		},
		"http-signature": {
			"version": "0.10.1",
			"resolved": "https://registry.npmjs.org/http-signature/-/http-signature-0.10.1.tgz",
			"integrity": "sha1-T72sEyVZqoMjEh5UB3nAoBKyfmY=",
			"optional": true,
			"requires": {
				"asn1": "0.1.11",
				"assert-plus": "^0.1.5",
				"ctype": "0.5.3"
			}
		},
		"iconv-lite": {
			"version": "0.6.2",
			"resolved": "https://registry.npmjs.org/iconv-lite/-/iconv-lite-0.6.2.tgz",
			"integrity": "sha512-2y91h5OpQlolefMPmUlivelittSWy0rP+oYVpn6A7GwVHNE8AWzoYOBNmlwks3LobaJxgHCYZAnyNo2GgpNRNQ==",
			"requires": {
				"safer-buffer": ">= 2.1.2 < 3.0.0"
			}
		},
		"inherits": {
			"version": "2.0.4",
			"resolved": "https://registry.npmjs.org/inherits/-/inherits-2.0.4.tgz",
			"integrity": "sha512-k/vGaX4/Yla3WzyMCvTQOXYeIHvqOKtnqBduzTHpzpQZzAskKMhZ2K+EnBiSM9zGSoIFeMpXKxa4dYeZIQqewQ=="
		},
		"interval-skip-list": {
			"version": "2.0.1",
			"resolved": "https://registry.npmjs.org/interval-skip-list/-/interval-skip-list-2.0.1.tgz",
			"integrity": "sha1-qKqxayP4D3gGQN4VuhWcu8LjgDU=",
			"requires": {
				"underscore-plus": "^1.6.6"
			}
		},
		"ipaddr.js": {
			"version": "1.9.1",
			"resolved": "https://registry.npmjs.org/ipaddr.js/-/ipaddr.js-1.9.1.tgz",
			"integrity": "sha512-0KI/607xoxSToH7GjN1FfSbLoU0+btTicjsQSWQlh/hZykN8KpmMf7uYwPW3R+akZ6R/w18ZlXSHBYXiYUPO3g=="
		},
		"is-fullwidth-code-point": {
			"version": "1.0.0",
			"resolved": "https://registry.npmjs.org/is-fullwidth-code-point/-/is-fullwidth-code-point-1.0.0.tgz",
			"integrity": "sha1-754xOG8DGn8NZDr4L95QxFfvAMs=",
			"requires": {
				"number-is-nan": "^1.0.0"
			}
		},
		"is-promise": {
			"version": "2.2.2",
			"resolved": "https://registry.npmjs.org/is-promise/-/is-promise-2.2.2.tgz",
			"integrity": "sha512-+lP4/6lKUBfQjZ2pdxThZvLUAafmZb8OAxFb8XXtiQmS35INgr85hdOGoEs124ez1FCnZJt6jau/T+alh58QFQ=="
		},
		"is-stream": {
			"version": "1.1.0",
			"resolved": "https://registry.npmjs.org/is-stream/-/is-stream-1.1.0.tgz",
			"integrity": "sha1-EtSj3U5o4Lec6428hBc66A2RykQ="
		},
		"isarray": {
			"version": "1.0.0",
			"resolved": "https://registry.npmjs.org/isarray/-/isarray-1.0.0.tgz",
			"integrity": "sha1-u5NdSFgsuhaMBoNJV6VKPgcSTxE="
		},
		"isomorphic-fetch": {
			"version": "2.2.1",
			"resolved": "https://registry.npmjs.org/isomorphic-fetch/-/isomorphic-fetch-2.2.1.tgz",
			"integrity": "sha1-YRrhrPFPXoH3KVB0coGf6XM1WKk=",
			"requires": {
				"node-fetch": "^1.0.1",
				"whatwg-fetch": ">=0.10.0"
			}
		},
		"jade": {
			"version": "1.11.0",
			"resolved": "https://registry.npmjs.org/jade/-/jade-1.11.0.tgz",
			"integrity": "sha1-nIDlOMEtP7lcjZu5VZ+gzAQEBf0=",
			"requires": {
				"character-parser": "1.2.1",
				"clean-css": "^3.1.9",
				"commander": "~2.6.0",
				"constantinople": "~3.0.1",
				"jstransformer": "0.0.2",
				"mkdirp": "~0.5.0",
				"transformers": "2.1.0",
				"uglify-js": "^2.4.19",
				"void-elements": "~2.0.1",
				"with": "~4.0.0"
			}
		},
		"json-stringify-safe": {
			"version": "5.0.1",
			"resolved": "https://registry.npmjs.org/json-stringify-safe/-/json-stringify-safe-5.0.1.tgz",
			"integrity": "sha1-Epai1Y/UXxmg9s4B1lcB4sc1tus="
		},
		"jstransformer": {
			"version": "0.0.2",
			"resolved": "https://registry.npmjs.org/jstransformer/-/jstransformer-0.0.2.tgz",
			"integrity": "sha1-eq4pqQPRls+glz2IXT5HlH7Ndqs=",
			"requires": {
				"is-promise": "^2.0.0",
				"promise": "^6.0.1"
			}
		},
		"khal": {
			"version": "1.2.0",
			"resolved": "https://registry.npmjs.org/khal/-/khal-1.2.0.tgz",
			"integrity": "sha1-JGEPkdOUrq1STAr9B+HFE9AZViM="
		},
		"left-pad": {
			"version": "1.3.0",
			"resolved": "https://registry.npmjs.org/left-pad/-/left-pad-1.3.0.tgz",
			"integrity": "sha512-XI5MPzVNApjAyhQzphX8BkmKsKUxD4LdyK24iZeQGinBN9yTQT3bFlCBy/aVx2HrNcqQGsdot8ghrjyrvMCoEA=="
		},
		"left-pad-logarithmic": {
			"version": "1.0.1",
			"resolved": "https://registry.npmjs.org/left-pad-logarithmic/-/left-pad-logarithmic-1.0.1.tgz",
			"integrity": "sha1-9IMSme+p/fQ4Sg9viTquViRhQww="
		},
		"left-pad-mike-jenkins-test": {
			"version": "1.0.0",
			"resolved": "https://registry.npmjs.org/left-pad-mike-jenkins-test/-/left-pad-mike-jenkins-test-1.0.0.tgz",
			"integrity": "sha512-NK1B3k2mTbHxvbGZTVxGph4DioW9ujlHWyYe9DkuOhtJ82zrF+Z0jbeTGQB0v+XURMLR+BGZm0m9tFGCstE8Bg=="
		},
		"left_pad": {
			"version": "0.0.2",
			"resolved": "https://registry.npmjs.org/left_pad/-/left_pad-0.0.2.tgz",
			"integrity": "sha1-dIRYlPDO9HJZs5qtSCUr70mLxu4="
		},
		"leftpad-cli": {
			"version": "1.0.0",
			"resolved": "https://registry.npmjs.org/leftpad-cli/-/leftpad-cli-1.0.0.tgz",
			"integrity": "sha1-WEVf7dhEGk5vDB2XpX6bLzeET0I=",
			"requires": {
				"leftpad-stream": "^1.0.0"
			}
		},
		"leftpad-faas": {
			"version": "0.1.0",
			"resolved": "https://registry.npmjs.org/leftpad-faas/-/leftpad-faas-0.1.0.tgz",
			"integrity": "sha1-yyOK6TpyXZ6c1lrZr/w/0KM0d8o=",
			"requires": {
				"isomorphic-fetch": "^2.2.1",
				"qs": "^6.1.0"
			},
			"dependencies": {
				"qs": {
					"version": "6.9.6",
					"resolved": "https://registry.npmjs.org/qs/-/qs-6.9.6.tgz",
					"integrity": "sha512-TIRk4aqYLNoJUbd+g2lEdz5kLWIuTMRagAXxl78Q0RiVjAOugHmeKNGdd3cwo/ktpf9aL9epCfFqWDEKysUlLQ=="
				}
			}
		},
		"leftpad-i18n": {
			"version": "1.0.0",
			"resolved": "https://registry.npmjs.org/leftpad-i18n/-/leftpad-i18n-1.0.0.tgz",
			"integrity": "sha512-Fhh7PhIbVdeA8HS7n6vAPwUmguu745k9ciwuXduRkIxgOojJqyneObXDIyNaeWjEubLysZ23upESqpDnzWhhyg=="
		},
		"leftpad-sdk": {
			"version": "1.0.0",
			"resolved": "https://registry.npmjs.org/leftpad-sdk/-/leftpad-sdk-1.0.0.tgz",
			"integrity": "sha1-2uEcz6pHXCe7L/2/qd0Ui14rdOc=",
			"requires": {
				"sdk": "^0.5.0"
			}
		},
		"leftpad-stream": {
			"version": "1.0.0",
			"resolved": "https://registry.npmjs.org/leftpad-stream/-/leftpad-stream-1.0.0.tgz",
			"integrity": "sha1-HZIbk8Glwj+5isWnryR0s35C3BA=",
			"requires": {
				"left-pad": "^1.0.1",
				"through2": "^2.0.1"
			}
		},
		"leftpad2": {
			"version": "1.0.0",
			"resolved": "https://registry.npmjs.org/leftpad2/-/leftpad2-1.0.0.tgz",
			"integrity": "sha1-F0rGDOdo4YfGcM5Yk/0JJ8q8T18="
		},
		"leftpad_laura": {
			"version": "1.0.0",
			"resolved": "https://registry.npmjs.org/leftpad_laura/-/leftpad_laura-1.0.0.tgz",
			"integrity": "sha1-BDjluPku8iqfLxWGUTQAk1C1FFI=",
			"requires": {
				"express": "^4.14.0",
				"jade": "^1.11.0"
			}
		},
		"lodash": {
			"version": "4.17.21",
			"resolved": "https://registry.npmjs.org/lodash/-/lodash-4.17.21.tgz",
			"integrity": "sha512-v2kDEe57lecTulaDIuNTPy3Ry4gLGJ6Z1O3vE1krgXZNrsQ+LFTGHVxVjcXPs17LhbZVGedAJv8XZ1tvj5FvSg=="
		},
		"media-typer": {
			"version": "0.3.0",
			"resolved": "https://registry.npmjs.org/media-typer/-/media-typer-0.3.0.tgz",
			"integrity": "sha1-hxDXrwqmJvj/+hzgAWhUUmMlV0g="
		},
		"merge-descriptors": {
			"version": "1.0.1",
			"resolved": "https://registry.npmjs.org/merge-descriptors/-/merge-descriptors-1.0.1.tgz",
			"integrity": "sha1-sAqqVW3YtEVoFQ7J0blT8/kMu2E="
		},
		"methods": {
			"version": "1.1.2",
			"resolved": "https://registry.npmjs.org/methods/-/methods-1.1.2.tgz",
			"integrity": "sha1-VSmk1nZUE07cxSZmVoNbD4Ua/O4="
		},
		"mime": {
			"version": "1.2.11",
			"resolved": "https://registry.npmjs.org/mime/-/mime-1.2.11.tgz",
			"integrity": "sha1-WCA+7Ybjpe8XrtK32evUfwpg3RA=",
			"optional": true
		},
		"mime-db": {
			"version": "1.46.0",
			"resolved": "https://registry.npmjs.org/mime-db/-/mime-db-1.46.0.tgz",
			"integrity": "sha512-svXaP8UQRZ5K7or+ZmfNhg2xX3yKDMUzqadsSqi4NCH/KomcH75MAMYAGVlvXn4+b/xOPhS3I2uHKRUzvjY7BQ=="
		},
		"mime-types": {
			"version": "1.0.2",
			"resolved": "https://registry.npmjs.org/mime-types/-/mime-types-1.0.2.tgz",
			"integrity": "sha1-mVrhOSq4r/y/yyZB3QVOlDwNXc4="
		},
		"minimist": {
			"version": "0.0.10",
			"resolved": "https://registry.npmjs.org/minimist/-/minimist-0.0.10.tgz",
			"integrity": "sha1-3j+YVD2/lggr5IrRoMfNqDYwHc8="
		},
		"mkdirp": {
			"version": "0.5.5",
			"resolved": "https://registry.npmjs.org/mkdirp/-/mkdirp-0.5.5.tgz",
			"integrity": "sha512-NKmAlESf6jMGym1++R0Ra7wvhV+wFW63FaSOFPwRahvea0gMUcGUhVeAg/0BC0wiv9ih5NYPB1Wn1UEI1/L+xQ==",
			"requires": {
				"minimist": "^1.2.5"
			},
			"dependencies": {
				"minimist": {
					"version": "1.2.5",
					"resolved": "https://registry.npmjs.org/minimist/-/minimist-1.2.5.tgz",
					"integrity": "sha512-FM9nNUYrRBAELZQT3xeZQ7fmMOBg6nWNmJKTcgsJeaLstP/UODVpGsr5OhXhhXg6f+qtJ8uiZ+PUxkDWcgIXLw=="
				}
			}
		},
		"ms": {
			"version": "0.6.2",
			"resolved": "https://registry.npmjs.org/ms/-/ms-0.6.2.tgz",
			"integrity": "sha1-2JwhJMb9wTU9Zai3e/GqxLGTcIw="
		},
		"multipad": {
			"version": "1.0.0",
			"resolved": "https://registry.npmjs.org/multipad/-/multipad-1.0.0.tgz",
			"integrity": "sha1-SaxjtOaY9crr33SpxYIAnwlM7ac="
		},
		"napalmtest-leftpad": {
			"version": "1.0.0",
			"resolved": "https://registry.npmjs.org/napalmtest-leftpad/-/napalmtest-leftpad-1.0.0.tgz",
			"integrity": "sha1-/GxnHFB3wSwRoscIy/NbrPurgzc="
		},
		"negotiator": {
			"version": "0.6.2",
			"resolved": "https://registry.npmjs.org/negotiator/-/negotiator-0.6.2.tgz",
			"integrity": "sha512-hZXc7K2e+PgeI1eDBe/10Ard4ekbfrrqG8Ep+8Jmf4JID2bNg7NvCPOZN+kfF574pFQI7mum2AUqDidoKqcTOw=="
		},
		"node-fetch": {
			"version": "1.7.3",
			"resolved": "https://registry.npmjs.org/node-fetch/-/node-fetch-1.7.3.tgz",
			"integrity": "sha512-NhZ4CsKx7cYm2vSrBAr2PvFOe6sWDf0UYLRqA6svUYg7+/TSfVAu49jYC4BvQ4Sms9SZgdqGBgroqfDhJdTyKQ==",
			"requires": {
				"encoding": "^0.1.11",
				"is-stream": "^1.0.1"
			}
		},
		"node-uuid": {
			"version": "1.4.8",
			"resolved": "https://registry.npmjs.org/node-uuid/-/node-uuid-1.4.8.tgz",
			"integrity": "sha1-sEDrCSOWivq/jTL7HxfxFn/auQc="
		},
		"number-is-nan": {
			"version": "1.0.1",
			"resolved": "https://registry.npmjs.org/number-is-nan/-/number-is-nan-1.0.1.tgz",
			"integrity": "sha1-CXtgK1NCKlIsGvuHkDGDNpQaAR0="
		},
		"oauth-sign": {
			"version": "0.3.0",
			"resolved": "https://registry.npmjs.org/oauth-sign/-/oauth-sign-0.3.0.tgz",
			"integrity": "sha1-y1QPk7srIqfVlBaRoojWDo6pOG4=",
			"optional": true
		},
		"on-finished": {
			"version": "2.3.0",
			"resolved": "https://registry.npmjs.org/on-finished/-/on-finished-2.3.0.tgz",
			"integrity": "sha1-IPEzZIGwg811M3mSoWlxqi2QaUc=",
			"requires": {
				"ee-first": "1.1.1"
			}
		},
		"optimist": {
			"version": "0.6.1",
			"resolved": "https://registry.npmjs.org/optimist/-/optimist-0.6.1.tgz",
			"integrity": "sha1-2j6nRob6IaGaERwybpDrFaAZZoY=",
			"requires": {
				"minimist": "~0.0.1",
				"wordwrap": "~0.0.2"
			}
		},
		"pad_left": {
			"version": "0.0.6",
			"resolved": "https://registry.npmjs.org/pad_left/-/pad_left-0.0.6.tgz",
			"integrity": "sha1-6TG/N3nOSEFWh0hqG7jER4guJSU=",
			"requires": {
				"string_prototypes": "^0.0.6"
			}
		},
		"padlr": {
			"version": "1.0.4",
			"resolved": "https://registry.npmjs.org/padlr/-/padlr-1.0.4.tgz",
			"integrity": "sha512-WnqUlJEourYhSGAQidzfjJn8bZtuHtn79y0PYX1xCgxijb0qfvaaxI3JxsfLf5EjJHsBIUw5hvTeZ/LKkLt9xw=="
		},
		"parseurl": {
			"version": "1.3.3",
			"resolved": "https://registry.npmjs.org/parseurl/-/parseurl-1.3.3.tgz",
			"integrity": "sha512-CiyeOxFT/JZyN5m0z9PfXw4SCBJ6Sygz1Dpl0wqjlhDEGGBP1GnsUVEL0p63hoG1fcj3fHynXi9NYO4nWOL+qQ=="
		},
		"path-to-regexp": {
			"version": "0.1.7",
			"resolved": "https://registry.npmjs.org/path-to-regexp/-/path-to-regexp-0.1.7.tgz",
			"integrity": "sha1-32BBeABfUi8V60SQ5yR6G/qmf4w="
		},
		"permute": {
			"version": "1.0.0",
			"resolved": "https://registry.npmjs.org/permute/-/permute-1.0.0.tgz",
			"integrity": "sha1-fW70QD9Up88xV9wEKIViELXNE2M="
		},
		"process-nextick-args": {
			"version": "2.0.1",
			"resolved": "https://registry.npmjs.org/process-nextick-args/-/process-nextick-args-2.0.1.tgz",
			"integrity": "sha512-3ouUOpQhtgrbOa17J7+uxOTpITYWaGP7/AhoR3+A+/1e9skrzelGi/dXzEYyvbxubEF6Wn2ypscTKiKJFFn1ag=="
		},
		"promise": {
			"version": "6.1.0",
			"resolved": "https://registry.npmjs.org/promise/-/promise-6.1.0.tgz",
			"integrity": "sha1-LOcp9rlLRcJoka0GAsXJDgTG7vY=",
			"requires": {
				"asap": "~1.0.0"
			}
		},
		"proxy-addr": {
			"version": "2.0.6",
			"resolved": "https://registry.npmjs.org/proxy-addr/-/proxy-addr-2.0.6.tgz",
			"integrity": "sha512-dh/frvCBVmSsDYzw6n926jv974gddhkFPfiN8hPOi30Wax25QZyZEGveluCgliBnqmuM+UJmBErbAUFIoDbjOw==",
			"requires": {
				"forwarded": "~0.1.2",
				"ipaddr.js": "1.9.1"
			}
		},
		"psl": {
			"version": "1.8.0",
			"resolved": "https://registry.npmjs.org/psl/-/psl-1.8.0.tgz",
			"integrity": "sha512-RIdOzyoavK+hA18OGGWDqUTsCLhtA7IcZ/6NCs4fFJaHBDab+pDDmDIByWFRQJq2Cd7r1OoQxBGKOaztq+hjIQ==",
			"optional": true
		},
		"punycode": {
			"version": "2.1.1",
			"resolved": "https://registry.npmjs.org/punycode/-/punycode-2.1.1.tgz",
			"integrity": "sha512-XRsRjdf+j5ml+y/6GKHPZbrF/8p2Yga0JPtdqTIY2Xe5ohJPD9saDJJLPvp9+NSBprVvevdXZybnj2cv8OEd0A==",
			"optional": true
		},
		"qs": {
			"version": "0.6.6",
			"resolved": "https://registry.npmjs.org/qs/-/qs-0.6.6.tgz",
			"integrity": "sha1-bgFQmP9RlouKPIGQAdXyyJvEsQc="
		},
		"range-parser": {
			"version": "1.2.1",
			"resolved": "https://registry.npmjs.org/range-parser/-/range-parser-1.2.1.tgz",
			"integrity": "sha512-Hrgsx+orqoygnmhFbKaHE6c296J+HTAQXoxEF6gNupROmmGJRoyzfG3ccAveqCBrwr/2yxQ5BVd/GTl5agOwSg=="
		},
		"raw-body": {
			"version": "2.4.0",
			"resolved": "https://registry.npmjs.org/raw-body/-/raw-body-2.4.0.tgz",
			"integrity": "sha512-4Oz8DUIwdvoa5qMJelxipzi/iJIi40O5cGV1wNYp5hvZP8ZN0T+jiNkL0QepXs+EsQ9XJ8ipEDoiH70ySUJP3Q==",
			"requires": {
				"bytes": "3.1.0",
				"http-errors": "1.7.2",
				"iconv-lite": "0.4.24",
				"unpipe": "1.0.0"
			},
			"dependencies": {
				"iconv-lite": {
					"version": "0.4.24",
					"resolved": "https://registry.npmjs.org/iconv-lite/-/iconv-lite-0.4.24.tgz",
					"integrity": "sha512-v3MXnZAcvnywkTUEZomIActle7RXXeedOR31wwl7VlyoXO4Qi9arvSenNQWne1TcRwhCL1HwLI21bEqdpj8/rA==",
					"requires": {
						"safer-buffer": ">= 2.1.2 < 3"
					}
				}
			}
		},
		"readable-stream": {
			"version": "2.3.7",
			"resolved": "https://registry.npmjs.org/readable-stream/-/readable-stream-2.3.7.tgz",
			"integrity": "sha512-Ebho8K4jIbHAxnuxi7o42OrZgF/ZTNcsZj6nRKyUmkhLFq8CHItp/fy6hQZuZmP/n3yZ9VBUbp4zz/mX8hmYPw==",
			"requires": {
				"core-util-is": "~1.0.0",
				"inherits": "~2.0.3",
				"isarray": "~1.0.0",
				"process-nextick-args": "~2.0.0",
				"safe-buffer": "~5.1.1",
				"string_decoder": "~1.1.1",
				"util-deprecate": "~1.0.1"
			}
		},
		"request": {
			"version": "2.37.0",
			"resolved": "https://registry.npmjs.org/request/-/request-2.37.0.tgz",
			"integrity": "sha1-bATB8PNK8Mi3QI8cHjDU1r2FLUY=",
			"requires": {
				"aws-sign2": "~0.5.0",
				"forever-agent": "~0.5.0",
				"form-data": "~0.1.0",
				"hawk": "1.1.1",
				"http-signature": "~0.10.0",
				"json-stringify-safe": "~5.0.0",
				"mime-types": "~1.0.1",
				"node-uuid": "~1.4.0",
				"oauth-sign": "~0.3.0",
				"qs": "~0.6.0",
				"tough-cookie": ">=0.12.0",
				"tunnel-agent": "~0.4.0"
			}
		},
		"right-pad": {
			"version": "1.0.1",
			"resolved": "https://registry.npmjs.org/right-pad/-/right-pad-1.0.1.tgz",
			"integrity": "sha1-jKCMLLtbVedNr6lr9/0aJ9VoyNA="
		},
		"safe-buffer": {
			"version": "5.1.2",
			"resolved": "https://registry.npmjs.org/safe-buffer/-/safe-buffer-5.1.2.tgz",
			"integrity": "sha512-Gd2UZBJDkXlY7GbJxfsE8/nvKkUEU1G38c1siN6QP6a9PT9MmHB8GnpscSmMJSoF8LOIrt8ud/wPtojys4G6+g=="
		},
		"safer-buffer": {
			"version": "2.1.2",
			"resolved": "https://registry.npmjs.org/safer-buffer/-/safer-buffer-2.1.2.tgz",
			"integrity": "sha512-YZo3K82SD7Riyi0E1EQPojLz7kpepnSQI9IyPbHHg1XXXevb5dJI7tpyN2ADxGcQbHG7vcyRHk0cbwqcQriUtg=="
		},
		"sdk": {
			"version": "0.5.0",
			"resolved": "https://registry.npmjs.org/sdk/-/sdk-0.5.0.tgz",
			"integrity": "sha1-+7vzjhufc8NwuD5vwEuJtwFSo/I=",
			"requires": {
				"bluebird": "^2.9.34",
				"debug": "1.0.2",
				"lodash": "~2.4.1",
				"request": "2.37.0",
				"swig": "1.4.1"
			},
			"dependencies": {
				"lodash": {
					"version": "2.4.2",
					"resolved": "https://registry.npmjs.org/lodash/-/lodash-2.4.2.tgz",
					"integrity": "sha1-+t2DS5aDBz2hebPq5tnA0VBT9z4="
				}
			}
		},
		"send": {
			"version": "0.17.1",
			"resolved": "https://registry.npmjs.org/send/-/send-0.17.1.tgz",
			"integrity": "sha512-BsVKsiGcQMFwT8UxypobUKyv7irCNRHk1T0G680vk88yf6LBByGcZJOTJCrTP2xVN6yI+XjPJcNuE3V4fT9sAg==",
			"requires": {
				"debug": "2.6.9",
				"depd": "~1.1.2",
				"destroy": "~1.0.4",
				"encodeurl": "~1.0.2",
				"escape-html": "~1.0.3",
				"etag": "~1.8.1",
				"fresh": "0.5.2",
				"http-errors": "~1.7.2",
				"mime": "1.6.0",
				"ms": "2.1.1",
				"on-finished": "~2.3.0",
				"range-parser": "~1.2.1",
				"statuses": "~1.5.0"
			},
			"dependencies": {
				"debug": {
					"version": "2.6.9",
					"resolved": "https://registry.npmjs.org/debug/-/debug-2.6.9.tgz",
					"integrity": "sha512-bC7ElrdJaJnPbAP+1EotYvqZsb3ecl5wi6Bfi6BJTUcNowp6cvspg0jXznRTKDjm/E7AdgFBVeAPVMNcKGsHMA==",
					"requires": {
						"ms": "2.0.0"
					},
					"dependencies": {
						"ms": {
							"version": "2.0.0",
							"resolved": "https://registry.npmjs.org/ms/-/ms-2.0.0.tgz",
							"integrity": "sha1-VgiurfwAvmwpAd9fmGF4jeDVl8g="
						}
					}
				},
				"mime": {
					"version": "1.6.0",
					"resolved": "https://registry.npmjs.org/mime/-/mime-1.6.0.tgz",
					"integrity": "sha512-x0Vn8spI+wuJ1O6S7gnbaQg8Pxh4NNHb7KSINmEWKiPE4RKOplvijn+NkmYmmRgP68mc70j2EbeTFRsrswaQeg=="
				},
				"ms": {
					"version": "2.1.1",
					"resolved": "https://registry.npmjs.org/ms/-/ms-2.1.1.tgz",
					"integrity": "sha512-tgp+dl5cGk28utYktBsrFqA7HKgrhgPsg6Z/EfhWI4gl1Hwq8B/GmY/0oXZ6nF8hDVesS/FpnYaD/kOWhYQvyg=="
				}
			}
		},
		"serve-static": {
			"version": "1.14.1",
			"resolved": "https://registry.npmjs.org/serve-static/-/serve-static-1.14.1.tgz",
			"integrity": "sha512-JMrvUwE54emCYWlTI+hGrGv5I8dEwmco/00EvkzIIsR7MqrHonbD9pO2MOfFnpFntl7ecpZs+3mW+XbQZu9QCg==",
			"requires": {
				"encodeurl": "~1.0.2",
				"escape-html": "~1.0.3",
				"parseurl": "~1.3.3",
				"send": "0.17.1"
			}
		},
		"setprototypeof": {
			"version": "1.1.1",
			"resolved": "https://registry.npmjs.org/setprototypeof/-/setprototypeof-1.1.1.tgz",
			"integrity": "sha512-JvdAWfbXeIGaZ9cILp38HntZSFSo3mWg6xGcJJsd+d4aRMOqauag1C63dJfDw7OaMYwEbHMOxEZ1lqVRYP2OAw=="
		},
		"sntp": {
			"version": "0.2.4",
			"resolved": "https://registry.npmjs.org/sntp/-/sntp-0.2.4.tgz",
			"integrity": "sha1-+4hfGLDzqtGJ+CSGJTa87ux1CQA=",
			"optional": true,
			"requires": {
				"hoek": "0.9.x"
			}
		},
		"source-map": {
			"version": "0.1.34",
			"resolved": "https://registry.npmjs.org/source-map/-/source-map-0.1.34.tgz",
			"integrity": "sha1-p8/omux7FoLDsZjQrPtH19CQVms=",
			"requires": {
				"amdefine": ">=0.0.4"
			}
		},
		"statuses": {
			"version": "1.5.0",
			"resolved": "https://registry.npmjs.org/statuses/-/statuses-1.5.0.tgz",
			"integrity": "sha1-Fhx9rBd2Wf2YEfQ3cfqZOBR4Yow="
		},
		"string-width": {
			"version": "1.0.2",
			"resolved": "https://registry.npmjs.org/string-width/-/string-width-1.0.2.tgz",
			"integrity": "sha1-EYvfW4zcUaKn5w0hHgfisLmxB9M=",
			"requires": {
				"code-point-at": "^1.0.0",
				"is-fullwidth-code-point": "^1.0.0",
				"strip-ansi": "^3.0.0"
			}
		},
		"string_decoder": {
			"version": "1.1.1",
			"resolved": "https://registry.npmjs.org/string_decoder/-/string_decoder-1.1.1.tgz",
			"integrity": "sha512-n/ShnvDi6FHbbVfviro+WojiFzv+s8MPMHBczVePfUpDJLwoLT0ht1l4YwBCbi8pJAveEEdnkHyPyTP/mzRfwg==",
			"requires": {
				"safe-buffer": "~5.1.0"
			}
		},
		"string_prototypes": {
			"version": "0.0.6",
			"resolved": "https://registry.npmjs.org/string_prototypes/-/string_prototypes-0.0.6.tgz",
			"integrity": "sha1-EAOfLxNdmSw3ZTtX7hpo4HwV2XQ="
		},
		"stringpad": {
			"version": "0.0.2",
			"resolved": "https://registry.npmjs.org/stringpad/-/stringpad-0.0.2.tgz",
			"integrity": "sha1-6mcjEjky/nbnShpm405Pf+YZ/xM="
		},
		"stringz": {
			"version": "0.2.1",
			"resolved": "https://registry.npmjs.org/stringz/-/stringz-0.2.1.tgz",
			"integrity": "sha1-nxNFZOCGtKNfmbbvwd2IqNnLfk4="
		},
		"strip-ansi": {
			"version": "3.0.1",
			"resolved": "https://registry.npmjs.org/strip-ansi/-/strip-ansi-3.0.1.tgz",
			"integrity": "sha1-ajhfuIU9lS1f8F0Oiq+UJ43GPc8=",
			"requires": {
				"ansi-regex": "^2.0.0"
			}
		},
		"strman.append": {
			"version": "1.3.3-prebuild-1",
			"resolved": "https://registry.npmjs.org/strman.append/-/strman.append-1.3.3-prebuild-1.tgz",
			"integrity": "sha1-5Vav/Imz0cePeDGmAL4iYEuSh0Q=",
			"requires": {
				"strman.appendarray": "1.3.3-prebuild-1"
			}
		},
		"strman.appendarray": {
			"version": "1.3.3-prebuild-1",
			"resolved": "https://registry.npmjs.org/strman.appendarray/-/strman.appendarray-1.3.3-prebuild-1.tgz",
			"integrity": "sha1-G9Al+rOXW2r1IMvWBDzXOcn7Xrc="
		},
		"strman.leftpad": {
			"version": "1.3.3-prebuild-1",
			"resolved": "https://registry.npmjs.org/strman.leftpad/-/strman.leftpad-1.3.3-prebuild-1.tgz",
			"integrity": "sha1-7xdWXCzf6ARpfEEenFxYTNP2Hf8=",
			"requires": {
				"strman.append": "1.3.3-prebuild-1",
				"strman.repeat": "1.3.3-prebuild-1",
				"strman.substr": "1.3.3-prebuild-1"
			}
		},
		"strman.repeat": {
			"version": "1.3.3-prebuild-1",
			"resolved": "https://registry.npmjs.org/strman.repeat/-/strman.repeat-1.3.3-prebuild-1.tgz",
			"integrity": "sha1-JD9uIugvH0FMMKB+WcA9mx1GxqM="
		},
		"strman.substr": {
			"version": "1.3.3-prebuild-1",
			"resolved": "https://registry.npmjs.org/strman.substr/-/strman.substr-1.3.3-prebuild-1.tgz",
			"integrity": "sha1-HtLPICAZ4qk3llaMt3zVjgzcBFk="
		},
		"strpad": {
			"version": "1.0.1",
			"resolved": "https://registry.npmjs.org/strpad/-/strpad-1.0.1.tgz",
			"integrity": "sha512-8JctAokRDt6egwbqxQQx/Hl6VEUlPr8ljStXSo+xaZCrH16c389lL+yQx7/cclRQ1UrJbSUabMqUEFkzp449wA==",
			"requires": {
				"@fav/text.pad": "^1.0.1",
				"left-pad": "^1.3.0",
				"right-pad": "^1.0.1"
			}
		},
		"swig": {
			"version": "1.4.1",
			"resolved": "https://registry.npmjs.org/swig/-/swig-1.4.1.tgz",
			"integrity": "sha1-L95oeGXNN7Uav5htJLjPcCEmjoE=",
			"requires": {
				"optimist": "~0.6",
				"uglify-js": "~2.4"
			}
		},
		"through2": {
			"version": "2.0.5",
			"resolved": "https://registry.npmjs.org/through2/-/through2-2.0.5.tgz",
			"integrity": "sha512-/mrRod8xqpA+IHSLyGCQ2s8SPHiCDEeQJSep1jqLYeEUClOFG2Qsh+4FU6G9VeqpZnGW/Su8LQGc4YKni5rYSQ==",
			"requires": {
				"readable-stream": "~2.3.6",
				"xtend": "~4.0.1"
			}
		},
		"to-width": {
			"version": "1.0.1",
			"resolved": "https://registry.npmjs.org/to-width/-/to-width-1.0.1.tgz",
			"integrity": "sha1-1EZgJaMAJ02T8KDuD5mHXbaDvy8=",
			"requires": {
				"cnd": "^3.2.0",
				"string-width": "^1.0.1",
				"wcstring": "^2.1.1"
			}
		},
		"toidentifier": {
			"version": "1.0.0",
			"resolved": "https://registry.npmjs.org/toidentifier/-/toidentifier-1.0.0.tgz",
			"integrity": "sha512-yaOH/Pk/VEhBWWTlhI+qXxDFXlejDGcQipMlyxda9nthulaxLZUNcUqFxokp0vcYnvteJln5FNQDRrxj3YcbVw=="
		},
		"tough-cookie": {
			"version": "4.0.0",
			"resolved": "https://registry.npmjs.org/tough-cookie/-/tough-cookie-4.0.0.tgz",
			"integrity": "sha512-tHdtEpQCMrc1YLrMaqXXcj6AxhYi/xgit6mZu1+EDWUn+qhUf8wMQoFIy9NXuq23zAwtcB0t/MjACGR18pcRbg==",
			"optional": true,
			"requires": {
				"psl": "^1.1.33",
				"punycode": "^2.1.1",
				"universalify": "^0.1.2"
			}
		},
		"transformers": {
			"version": "2.1.0",
			"resolved": "https://registry.npmjs.org/transformers/-/transformers-2.1.0.tgz",
			"integrity": "sha1-XSPLNVYd2F3Gf7hIIwm0fVPM6ac=",
			"requires": {
				"css": "~1.0.8",
				"promise": "~2.0",
				"uglify-js": "~2.2.5"
			},
			"dependencies": {
				"is-promise": {
					"version": "1.0.1",
					"resolved": "https://registry.npmjs.org/is-promise/-/is-promise-1.0.1.tgz",
					"integrity": "sha1-MVc3YcBX4zwukaq56W2gjO++duU="
				},
				"optimist": {
					"version": "0.3.7",
					"resolved": "https://registry.npmjs.org/optimist/-/optimist-0.3.7.tgz",
					"integrity": "sha1-yQlBrVnkJzMokjB00s8ufLxuwNk=",
					"requires": {
						"wordwrap": "~0.0.2"
					}
				},
				"promise": {
					"version": "2.0.0",
					"resolved": "https://registry.npmjs.org/promise/-/promise-2.0.0.tgz",
					"integrity": "sha1-RmSKqdYFr10ucMMCS/WUNtoCuA4=",
					"requires": {
						"is-promise": "~1"
					}
				},
				"uglify-js": {
					"version": "2.2.5",
					"resolved": "https://registry.npmjs.org/uglify-js/-/uglify-js-2.2.5.tgz",
					"integrity": "sha1-puAqcNg5eSuXgEiLe4sYTAlcmcc=",
					"requires": {
						"optimist": "~0.3.5",
						"source-map": "~0.1.7"
					}
				}
			}
		},
		"tunnel-agent": {
			"version": "0.4.3",
			"resolved": "https://registry.npmjs.org/tunnel-agent/-/tunnel-agent-0.4.3.tgz",
			"integrity": "sha1-Y3PbdpCf5XDgjXNYM2Xtgop07us=",
			"optional": true
		},
		"type-is": {
			"version": "1.6.18",
			"resolved": "https://registry.npmjs.org/type-is/-/type-is-1.6.18.tgz",
			"integrity": "sha512-TkRKr9sUTxEH8MdfuCSP7VizJyzRNMjj2J2do2Jr3Kym598JVdEksuzPQCnlFPW4ky9Q+iA+ma9BGm06XQBy8g==",
			"requires": {
				"media-typer": "0.3.0",
				"mime-types": "~2.1.24"
			},
			"dependencies": {
				"mime-types": {
					"version": "2.1.29",
					"resolved": "https://registry.npmjs.org/mime-types/-/mime-types-2.1.29.tgz",
					"integrity": "sha512-Y/jMt/S5sR9OaqteJtslsFZKWOIIqMACsJSiHghlCAyhf7jfVYjKBmLiX8OgpWeW+fjJ2b+Az69aPFPkUOY6xQ==",
					"requires": {
						"mime-db": "1.46.0"
					}
				}
			}
		},
		"uglify-js": {
			"version": "2.4.24",
			"resolved": "https://registry.npmjs.org/uglify-js/-/uglify-js-2.4.24.tgz",
			"integrity": "sha1-+tV1XB4Vd2WLsG/5q25UjJW+vW4=",
			"requires": {
				"async": "~0.2.6",
				"source-map": "0.1.34",
				"uglify-to-browserify": "~1.0.0",
				"yargs": "~3.5.4"
			},
			"dependencies": {
				"async": {
					"version": "0.2.10",
					"resolved": "https://registry.npmjs.org/async/-/async-0.2.10.tgz",
					"integrity": "sha1-trvgsGdLnXGXCMo43owjfLUmw9E="
				}
			}
		},
		"uglify-to-browserify": {
			"version": "1.0.2",
			"resolved": "https://registry.npmjs.org/uglify-to-browserify/-/uglify-to-browserify-1.0.2.tgz",
			"integrity": "sha1-bgkk1r2mta/jSeOabWMoUKD4grc="
		},
		"underscore": {
			"version": "1.12.1",
			"resolved": "https://registry.npmjs.org/underscore/-/underscore-1.12.1.tgz",
			"integrity": "sha512-hEQt0+ZLDVUMhebKxL4x1BTtDY7bavVofhZ9KZ4aI26X9SRaE+Y3m83XUL1UP2jn8ynjndwCCpEHdUG+9pP1Tw=="
		},
		"underscore-plus": {
			"version": "1.7.0",
			"resolved": "https://registry.npmjs.org/underscore-plus/-/underscore-plus-1.7.0.tgz",
			"integrity": "sha512-A3BEzkeicFLnr+U/Q3EyWwJAQPbA19mtZZ4h+lLq3ttm9kn8WC4R3YpuJZEXmWdLjYP47Zc8aLZm9kwdv+zzvA==",
			"requires": {
				"underscore": "^1.9.1"
			}
		},
		"universalify": {
			"version": "0.1.2",
			"resolved": "https://registry.npmjs.org/universalify/-/universalify-0.1.2.tgz",
			"integrity": "sha512-rBJeI5CXAlmy1pV+617WB9J63U6XcazHHF2f2dbJix4XzpUF0RS3Zbj0FGIOCAva5P/d/GBOYaACQ1w+0azUkg==",
			"optional": true
		},
		"unpipe": {
			"version": "1.0.0",
			"resolved": "https://registry.npmjs.org/unpipe/-/unpipe-1.0.0.tgz",
			"integrity": "sha1-sr9O6FFKrmFltIF4KdIbLvSZBOw="
		},
		"util-deprecate": {
			"version": "1.0.2",
			"resolved": "https://registry.npmjs.org/util-deprecate/-/util-deprecate-1.0.2.tgz",
			"integrity": "sha1-RQ1Nyfpw3nMnYvvS1KKJgUGaDM8="
		},
		"utils-merge": {
			"version": "1.0.1",
			"resolved": "https://registry.npmjs.org/utils-merge/-/utils-merge-1.0.1.tgz",
			"integrity": "sha1-n5VxD1CiZ5R7LMwSR0HBAoQn5xM="
		},
		"varsize-string": {
			"version": "2.2.2",
			"resolved": "https://registry.npmjs.org/varsize-string/-/varsize-string-2.2.2.tgz",
			"integrity": "sha1-7xs7bHLbCDXqL4TN+R/sMMUgaIs="
		},
		"vary": {
			"version": "1.1.2",
			"resolved": "https://registry.npmjs.org/vary/-/vary-1.1.2.tgz",
			"integrity": "sha1-IpnwLG3tMNSllhsLn3RSShj2NPw="
		},
		"void-elements": {
			"version": "2.0.1",
			"resolved": "https://registry.npmjs.org/void-elements/-/void-elements-2.0.1.tgz",
			"integrity": "sha1-wGavtYK7HLQSjWDqkjkulNXp2+w="
		},
		"wcsize": {
			"version": "1.0.0",
			"resolved": "https://registry.npmjs.org/wcsize/-/wcsize-1.0.0.tgz",
			"integrity": "sha1-qKLhXmqKdHkdulgPaaV9J+hQ6h4="
		},
		"wcstring": {
			"version": "2.1.1",
			"resolved": "https://registry.npmjs.org/wcstring/-/wcstring-2.1.1.tgz",
			"integrity": "sha1-3tUtdFycceJNCkidKCbSKjZe0Gc=",
			"requires": {
				"varsize-string": "^2.2.1",
				"wcsize": "^1.0.0"
			}
		},
		"wcwidth": {
			"version": "1.0.1",
			"resolved": "https://registry.npmjs.org/wcwidth/-/wcwidth-1.0.1.tgz",
			"integrity": "sha1-8LDc+RW8X/FSivrbLA4XtTLaL+g=",
			"requires": {
				"defaults": "^1.0.3"
			}
		},
		"whatwg-fetch": {
			"version": "3.6.2",
			"resolved": "https://registry.npmjs.org/whatwg-fetch/-/whatwg-fetch-3.6.2.tgz",
			"integrity": "sha512-bJlen0FcuU/0EMLrdbJ7zOnW6ITZLrZMIarMUVmdKtsGvZna8vxKYaexICWPfZ8qwf9fzNq+UEIZrnSaApt6RA=="
		},
		"window-size": {
			"version": "0.1.0",
			"resolved": "https://registry.npmjs.org/window-size/-/window-size-0.1.0.tgz",
			"integrity": "sha1-VDjNLqk7IC76Ohn+iIeu58lPnJ0="
		},
		"with": {
			"version": "4.0.3",
			"resolved": "https://registry.npmjs.org/with/-/with-4.0.3.tgz",
			"integrity": "sha1-7v0VTp550sjTQXtkeo8U2f7M4U4=",
			"requires": {
				"acorn": "^1.0.1",
				"acorn-globals": "^1.0.3"
			},
			"dependencies": {
				"acorn": {
					"version": "1.2.2",
					"resolved": "https://registry.npmjs.org/acorn/-/acorn-1.2.2.tgz",
					"integrity": "sha1-yM4n3grMdtiW0rH6099YjZ6C8BQ="
				}
			}
		},
		"wordwrap": {
			"version": "0.0.3",
			"resolved": "https://registry.npmjs.org/wordwrap/-/wordwrap-0.0.3.tgz",
			"integrity": "sha1-o9XabNXAvAAI03I0u68b7WMFkQc="
		},
		"xtend": {
			"version": "4.0.2",
			"resolved": "https://registry.npmjs.org/xtend/-/xtend-4.0.2.tgz",
			"integrity": "sha512-LKYU1iAXJXUgAXn9URjiu+MWhyUXHsvfp7mcuYm9dSUKK0/CjtrUwFAxD82/mCWbtLsGjFIad0wIsod4zrTAEQ=="
		},
		"yargs": {
			"version": "3.5.4",
			"resolved": "https://registry.npmjs.org/yargs/-/yargs-3.5.4.tgz",
			"integrity": "sha1-2K/49mXpTDS9JZvevRv68N3TU2E=",
			"requires": {
				"camelcase": "^1.0.2",
				"decamelize": "^1.0.0",
				"window-size": "0.1.0",
				"wordwrap": "0.0.2"
			},
			"dependencies": {
				"wordwrap": {
					"version": "0.0.2",
					"resolved": "https://registry.npmjs.org/wordwrap/-/wordwrap-0.0.2.tgz",
					"integrity": "sha1-t5Zpu0LstAn4PVg8rVLKF+qhZD8="
				}
			}
		}
	}
}
